
Microsoft Visual Studio Solution File, Format Version 12.00
# Visual Studio Version 16
VisualStudioVersion = 16.0.29519.87
MinimumVisualStudioVersion = 10.0.40219.1
Project("{FAE04EC0-301F-11D3-BF4B-00C04F79EFBC}") = "TheAmazingSchool", "TheAmazingSchool\TheAmazingSchool.csproj", "{1C484F63-B058-4388-996F-F7B85AC754A6}"
EndProject
Global
	GlobalSection(SolutionConfigurationPlatforms) = preSolution
		Debug|Any CPU = Debug|Any CPU
		Release|Any CPU = Release|Any CPU
	EndGlobalSection
	GlobalSection(ProjectConfigurationPlatforms) = postSolution
		{1C484F63-B058-4388-996F-F7B85AC754A6}.Debug|Any CPU.ActiveCfg = Debug|Any CPU
		{1C484F63-B058-4388-996F-F7B85AC754A6}.Debug|Any CPU.Build.0 = Debug|Any CPU
		{1C484F63-B058-4388-996F-F7B85AC754A6}.Release|Any CPU.ActiveCfg = Release|Any CPU
		{1C484F63-B058-4388-996F-F7B85AC754A6}.Release|Any CPU.Build.0 = Release|Any CPU
	EndGlobalSection
	GlobalSection(SolutionProperties) = preSolution
		HideSolutionNode = FALSE
	EndGlobalSection
	GlobalSection(ExtensibilityGlobals) = postSolution
		SolutionGuid = {B089068A-C312-4851-AFF1-F8543A795F00}
	EndGlobalSection
EndGlobal
